
Microsoft Visual Studio Solution File, Format Version 12.00
# Visual Studio Version 16
VisualStudioVersion = 16.0.30320.27
MinimumVisualStudioVersion = 10.0.40219.1
Project("{FAE04EC0-301F-11D3-BF4B-00C04F79EFBC}") = "WebApplication4", "WebApplication4\WebApplication4.csproj", "{BAFF850F-6426-4785-BD00-24E462664EDB}"
EndProject
Global
	GlobalSection(SolutionConfigurationPlatforms) = preSolution
		Debug|Any CPU = Debug|Any CPU
		Release|Any CPU = Release|Any CPU
	EndGlobalSection
	GlobalSection(ProjectConfigurationPlatforms) = postSolution
		{BAFF850F-6426-4785-BD00-24E462664EDB}.Debug|Any CPU.ActiveCfg = Debug|Any CPU
		{BAFF850F-6426-4785-BD00-24E462664EDB}.Debug|Any CPU.Build.0 = Debug|Any CPU
		{BAFF850F-6426-4785-BD00-24E462664EDB}.Release|Any CPU.ActiveCfg = Release|Any CPU
		{BAFF850F-6426-4785-BD00-24E462664EDB}.Release|Any CPU.Build.0 = Release|Any CPU
	EndGlobalSection
	GlobalSection(SolutionProperties) = preSolution
		HideSolutionNode = FALSE
	EndGlobalSection
	GlobalSection(ExtensibilityGlobals) = postSolution
		SolutionGuid = {8A3F11F3-799B-4021-8205-B438BC5AE222}
	EndGlobalSection
EndGlobal
